// !$*UTF8*$!
{
	archiveVersion = 1;
	classes = {
	};
	objectVersion = 46;
	objects = {

/* Begin PBXBuildFile section */
		199F970C1A6C80F900543E69 /* main.m in Sources */ = {isa = PBXBuildFile; fileRef = 199F970B1A6C80F900543E69 /* main.m */; };
		199F970F1A6C80F900543E69 /* AppDelegate.m in Sources */ = {isa = PBXBuildFile; fileRef = 199F970E1A6C80F900543E69 /* AppDelegate.m */; };
		199F97121A6C80F900543E69 /* Calendar.xcdatamodeld in Sources */ = {isa = PBXBuildFile; fileRef = 199F97101A6C80F900543E69 /* Calendar.xcdatamodeld */; };
		199F97181A6C80F900543E69 /* Rex.storyboard in Resources */ = {isa = PBXBuildFile; fileRef = 199F97161A6C80F900543E69 /* Rex.storyboard */; };
		199F971A1A6C80F900543E69 /* Images.xcassets in Resources */ = {isa = PBXBuildFile; fileRef = 199F97191A6C80F900543E69 /* Images.xcassets */; };
		199F971D1A6C80F900543E69 /* LaunchScreen.xib in Resources */ = {isa = PBXBuildFile; fileRef = 199F971B1A6C80F900543E69 /* LaunchScreen.xib */; };
		199F97291A6C80F900543E69 /* CalendarTests.m in Sources */ = {isa = PBXBuildFile; fileRef = 199F97281A6C80F900543E69 /* CalendarTests.m */; };
		199F97351A6C816400543E69 /* Tom.storyboard in Resources */ = {isa = PBXBuildFile; fileRef = 199F97341A6C816400543E69 /* Tom.storyboard */; };
		199F97371A6C816F00543E69 /* Kris.storyboard in Resources */ = {isa = PBXBuildFile; fileRef = 199F97361A6C816F00543E69 /* Kris.storyboard */; };
		199F973D1A6C833500543E69 /* Event.m in Sources */ = {isa = PBXBuildFile; fileRef = 199F973C1A6C833500543E69 /* Event.m */; };
		19FAE50D1A7895DD00CEE55F /* Utilities.m in Sources */ = {isa = PBXBuildFile; fileRef = 19FAE50C1A7895DD00CEE55F /* Utilities.m */; };
		A96AFD951A6F9E1B00FBACA2 /* EditViewController.m in Sources */ = {isa = PBXBuildFile; fileRef = A96AFD941A6F9E1B00FBACA2 /* EditViewController.m */; };
		A9C0827E1A7106660079B559 /* MapKit.framework in Frameworks */ = {isa = PBXBuildFile; fileRef = A9C0827D1A7106660079B559 /* MapKit.framework */; };
		A9C082801A71066E0079B559 /* CoreLocation.framework in Frameworks */ = {isa = PBXBuildFile; fileRef = A9C0827F1A71066E0079B559 /* CoreLocation.framework */; };
		A9C082821A71067F0079B559 /* UIKit.framework in Frameworks */ = {isa = PBXBuildFile; fileRef = A9C082811A71067F0079B559 /* UIKit.framework */; };
		A9C082841A71068B0079B559 /* Foundation.framework in Frameworks */ = {isa = PBXBuildFile; fileRef = A9C082831A71068B0079B559 /* Foundation.framework */; };
		A9C082861A71069D0079B559 /* CoreGraphics.framework in Frameworks */ = {isa = PBXBuildFile; fileRef = A9C082851A71069D0079B559 /* CoreGraphics.framework */; };
		A9D64F881A714AB000F735D4 /* ACDViewController.m in Sources */ = {isa = PBXBuildFile; fileRef = A9D64F871A714AB000F735D4 /* ACDViewController.m */; };
		A9D64F8B1A714B3000F735D4 /* AutocompletionTableView.m in Sources */ = {isa = PBXBuildFile; fileRef = A9D64F8A1A714B3000F735D4 /* AutocompletionTableView.m */; };
		CE3190071A78943D009F848A /* James.storyboard in Resources */ = {isa = PBXBuildFile; fileRef = CE3190061A78943D009F848A /* James.storyboard */; };
/* End PBXBuildFile section */

/* Begin PBXContainerItemProxy section */
		199F97231A6C80F900543E69 /* PBXContainerItemProxy */ = {
			isa = PBXContainerItemProxy;
			containerPortal = 199F96FE1A6C80F900543E69 /* Project object */;
			proxyType = 1;
			remoteGlobalIDString = 199F97051A6C80F900543E69;
			remoteInfo = Calendar;
		};
/* End PBXContainerItemProxy section */

/* Begin PBXFileReference section */
		199F97061A6C80F900543E69 /* Calendar.app */ = {isa = PBXFileReference; explicitFileType = wrapper.application; includeInIndex = 0; path = Calendar.app; sourceTree = BUILT_PRODUCTS_DIR; };
		199F970A1A6C80F900543E69 /* Info.plist */ = {isa = PBXFileReference; lastKnownFileType = text.plist.xml; path = Info.plist; sourceTree = "<group>"; };
		199F970B1A6C80F900543E69 /* main.m */ = {isa = PBXFileReference; lastKnownFileType = sourcecode.c.objc; path = main.m; sourceTree = "<group>"; };
		199F970D1A6C80F900543E69 /* AppDelegate.h */ = {isa = PBXFileReference; lastKnownFileType = sourcecode.c.h; path = AppDelegate.h; sourceTree = "<group>"; };
		199F970E1A6C80F900543E69 /* AppDelegate.m */ = {isa = PBXFileReference; lastKnownFileType = sourcecode.c.objc; path = AppDelegate.m; sourceTree = "<group>"; };
		199F97111A6C80F900543E69 /* Calendar.xcdatamodel */ = {isa = PBXFileReference; lastKnownFileType = wrapper.xcdatamodel; path = Calendar.xcdatamodel; sourceTree = "<group>"; };
		199F97171A6C80F900543E69 /* Base */ = {isa = PBXFileReference; lastKnownFileType = file.storyboard; name = Base; path = Base.lproj/Rex.storyboard; sourceTree = "<group>"; };
		199F97191A6C80F900543E69 /* Images.xcassets */ = {isa = PBXFileReference; lastKnownFileType = folder.assetcatalog; path = Images.xcassets; sourceTree = "<group>"; };
		199F971C1A6C80F900543E69 /* Base */ = {isa = PBXFileReference; lastKnownFileType = file.xib; name = Base; path = Base.lproj/LaunchScreen.xib; sourceTree = "<group>"; };
		199F97221A6C80F900543E69 /* CalendarTests.xctest */ = {isa = PBXFileReference; explicitFileType = wrapper.cfbundle; includeInIndex = 0; path = CalendarTests.xctest; sourceTree = BUILT_PRODUCTS_DIR; };
		199F97271A6C80F900543E69 /* Info.plist */ = {isa = PBXFileReference; lastKnownFileType = text.plist.xml; path = Info.plist; sourceTree = "<group>"; };
		199F97281A6C80F900543E69 /* CalendarTests.m */ = {isa = PBXFileReference; lastKnownFileType = sourcecode.c.objc; path = CalendarTests.m; sourceTree = "<group>"; };
		199F97341A6C816400543E69 /* Tom.storyboard */ = {isa = PBXFileReference; fileEncoding = 4; lastKnownFileType = file.storyboard; path = Tom.storyboard; sourceTree = "<group>"; };
		199F97361A6C816F00543E69 /* Kris.storyboard */ = {isa = PBXFileReference; fileEncoding = 4; lastKnownFileType = file.storyboard; path = Kris.storyboard; sourceTree = "<group>"; };
		199F973B1A6C833500543E69 /* Event.h */ = {isa = PBXFileReference; fileEncoding = 4; lastKnownFileType = sourcecode.c.h; path = Event.h; sourceTree = "<group>"; };
		199F973C1A6C833500543E69 /* Event.m */ = {isa = PBXFileReference; fileEncoding = 4; lastKnownFileType = sourcecode.c.objc; path = Event.m; sourceTree = "<group>"; };
		19FAE50B1A7895DD00CEE55F /* Utilities.h */ = {isa = PBXFileReference; fileEncoding = 4; lastKnownFileType = sourcecode.c.h; path = Utilities.h; sourceTree = "<group>"; };
		19FAE50C1A7895DD00CEE55F /* Utilities.m */ = {isa = PBXFileReference; fileEncoding = 4; lastKnownFileType = sourcecode.c.objc; path = Utilities.m; sourceTree = "<group>"; };
		A96AFD931A6F9E1B00FBACA2 /* EditViewController.h */ = {isa = PBXFileReference; fileEncoding = 4; lastKnownFileType = sourcecode.c.h; path = EditViewController.h; sourceTree = "<group>"; };
		A96AFD941A6F9E1B00FBACA2 /* EditViewController.m */ = {isa = PBXFileReference; fileEncoding = 4; lastKnownFileType = sourcecode.c.objc; path = EditViewController.m; sourceTree = "<group>"; };
		A9C0827D1A7106660079B559 /* MapKit.framework */ = {isa = PBXFileReference; lastKnownFileType = wrapper.framework; name = MapKit.framework; path = System/Library/Frameworks/MapKit.framework; sourceTree = SDKROOT; };
		A9C0827F1A71066E0079B559 /* CoreLocation.framework */ = {isa = PBXFileReference; lastKnownFileType = wrapper.framework; name = CoreLocation.framework; path = System/Library/Frameworks/CoreLocation.framework; sourceTree = SDKROOT; };
		A9C082811A71067F0079B559 /* UIKit.framework */ = {isa = PBXFileReference; lastKnownFileType = wrapper.framework; name = UIKit.framework; path = System/Library/Frameworks/UIKit.framework; sourceTree = SDKROOT; };
		A9C082831A71068B0079B559 /* Foundation.framework */ = {isa = PBXFileReference; lastKnownFileType = wrapper.framework; name = Foundation.framework; path = System/Library/Frameworks/Foundation.framework; sourceTree = SDKROOT; };
		A9C082851A71069D0079B559 /* CoreGraphics.framework */ = {isa = PBXFileReference; lastKnownFileType = wrapper.framework; name = CoreGraphics.framework; path = System/Library/Frameworks/CoreGraphics.framework; sourceTree = SDKROOT; };
		A9D64F861A714AB000F735D4 /* ACDViewController.h */ = {isa = PBXFileReference; fileEncoding = 4; lastKnownFileType = sourcecode.c.h; path = ACDViewController.h; sourceTree = "<group>"; };
		A9D64F871A714AB000F735D4 /* ACDViewController.m */ = {isa = PBXFileReference; fileEncoding = 4; lastKnownFileType = sourcecode.c.objc; path = ACDViewController.m; sourceTree = "<group>"; };
		A9D64F891A714B3000F735D4 /* AutocompletionTableView.h */ = {isa = PBXFileReference; fileEncoding = 4; lastKnownFileType = sourcecode.c.h; path = AutocompletionTableView.h; sourceTree = "<group>"; };
		A9D64F8A1A714B3000F735D4 /* AutocompletionTableView.m */ = {isa = PBXFileReference; fileEncoding = 4; lastKnownFileType = sourcecode.c.objc; path = AutocompletionTableView.m; sourceTree = "<group>"; };
		CE3190061A78943D009F848A /* James.storyboard */ = {isa = PBXFileReference; fileEncoding = 4; lastKnownFileType = file.storyboard; path = James.storyboard; sourceTree = "<group>"; };
/* End PBXFileReference section */

/* Begin PBXFrameworksBuildPhase section */
		199F97031A6C80F900543E69 /* Frameworks */ = {
			isa = PBXFrameworksBuildPhase;
			buildActionMask = 2147483647;
			files = (
				A9C082861A71069D0079B559 /* CoreGraphics.framework in Frameworks */,
				A9C082841A71068B0079B559 /* Foundation.framework in Frameworks */,
				A9C082821A71067F0079B559 /* UIKit.framework in Frameworks */,
				A9C082801A71066E0079B559 /* CoreLocation.framework in Frameworks */,
				A9C0827E1A7106660079B559 /* MapKit.framework in Frameworks */,
			);
			runOnlyForDeploymentPostprocessing = 0;
		};
		199F971F1A6C80F900543E69 /* Frameworks */ = {
			isa = PBXFrameworksBuildPhase;
			buildActionMask = 2147483647;
			files = (
			);
			runOnlyForDeploymentPostprocessing = 0;
		};
/* End PBXFrameworksBuildPhase section */

/* Begin PBXGroup section */
		199F96FD1A6C80F900543E69 = {
			isa = PBXGroup;
			children = (
				A9C082851A71069D0079B559 /* CoreGraphics.framework */,
				A9C082831A71068B0079B559 /* Foundation.framework */,
				A9C082811A71067F0079B559 /* UIKit.framework */,
				A9C0827F1A71066E0079B559 /* CoreLocation.framework */,
				A9C0827D1A7106660079B559 /* MapKit.framework */,
				199F97081A6C80F900543E69 /* Calendar */,
				199F97251A6C80F900543E69 /* CalendarTests */,
				199F97071A6C80F900543E69 /* Products */,
			);
			sourceTree = "<group>";
		};
		199F97071A6C80F900543E69 /* Products */ = {
			isa = PBXGroup;
			children = (
				199F97061A6C80F900543E69 /* Calendar.app */,
				199F97221A6C80F900543E69 /* CalendarTests.xctest */,
			);
			name = Products;
			sourceTree = "<group>";
		};
		199F97081A6C80F900543E69 /* Calendar */ = {
			isa = PBXGroup;
			children = (
				19FAE50A1A7895BC00CEE55F /* Classes */,
				199F973A1A6C81B600543E69 /* Models */,
				199F97391A6C819600543E69 /* Controllers */,
				199F97381A6C817600543E69 /* Storyboards */,
				199F97191A6C80F900543E69 /* Images.xcassets */,
				199F971B1A6C80F900543E69 /* LaunchScreen.xib */,
				199F97091A6C80F900543E69 /* Supporting Files */,
			);
			path = Calendar;
			sourceTree = "<group>";
		};
		199F97091A6C80F900543E69 /* Supporting Files */ = {
			isa = PBXGroup;
			children = (
				199F970A1A6C80F900543E69 /* Info.plist */,
				199F970B1A6C80F900543E69 /* main.m */,
			);
			name = "Supporting Files";
			sourceTree = "<group>";
		};
		199F97251A6C80F900543E69 /* CalendarTests */ = {
			isa = PBXGroup;
			children = (
				199F97281A6C80F900543E69 /* CalendarTests.m */,
				199F97261A6C80F900543E69 /* Supporting Files */,
			);
			path = CalendarTests;
			sourceTree = "<group>";
		};
		199F97261A6C80F900543E69 /* Supporting Files */ = {
			isa = PBXGroup;
			children = (
				199F97271A6C80F900543E69 /* Info.plist */,
			);
			name = "Supporting Files";
			sourceTree = "<group>";
		};
		199F97381A6C817600543E69 /* Storyboards */ = {
			isa = PBXGroup;
			children = (
				199F97161A6C80F900543E69 /* Rex.storyboard */,
				199F97341A6C816400543E69 /* Tom.storyboard */,
				199F97361A6C816F00543E69 /* Kris.storyboard */,
				CE3190061A78943D009F848A /* James.storyboard */,
			);
			name = Storyboards;
			sourceTree = "<group>";
		};
		199F97391A6C819600543E69 /* Controllers */ = {
			isa = PBXGroup;
			children = (
				A9D64F891A714B3000F735D4 /* AutocompletionTableView.h */,
				A9D64F8A1A714B3000F735D4 /* AutocompletionTableView.m */,
				A96AFD931A6F9E1B00FBACA2 /* EditViewController.h */,
				A96AFD941A6F9E1B00FBACA2 /* EditViewController.m */,
				A9D64F861A714AB000F735D4 /* ACDViewController.h */,
				A9D64F871A714AB000F735D4 /* ACDViewController.m */,
			);
			name = Controllers;
			sourceTree = "<group>";
		};
		199F973A1A6C81B600543E69 /* Models */ = {
			isa = PBXGroup;
			children = (
				199F970D1A6C80F900543E69 /* AppDelegate.h */,
				199F970E1A6C80F900543E69 /* AppDelegate.m */,
				199F97101A6C80F900543E69 /* Calendar.xcdatamodeld */,
				199F973B1A6C833500543E69 /* Event.h */,
				199F973C1A6C833500543E69 /* Event.m */,
			);
			name = Models;
			sourceTree = "<group>";
		};
		19FAE50A1A7895BC00CEE55F /* Classes */ = {
			isa = PBXGroup;
			children = (
				19FAE50B1A7895DD00CEE55F /* Utilities.h */,
				19FAE50C1A7895DD00CEE55F /* Utilities.m */,
			);
			name = Classes;
			sourceTree = "<group>";
		};
/* End PBXGroup section */

/* Begin PBXNativeTarget section */
		199F97051A6C80F900543E69 /* Calendar */ = {
			isa = PBXNativeTarget;
			buildConfigurationList = 199F972C1A6C80F900543E69 /* Build configuration list for PBXNativeTarget "Calendar" */;
			buildPhases = (
				199F97021A6C80F900543E69 /* Sources */,
				199F97031A6C80F900543E69 /* Frameworks */,
				199F97041A6C80F900543E69 /* Resources */,
			);
			buildRules = (
			);
			dependencies = (
			);
			name = Calendar;
			productName = Calendar;
			productReference = 199F97061A6C80F900543E69 /* Calendar.app */;
			productType = "com.apple.product-type.application";
		};
		199F97211A6C80F900543E69 /* CalendarTests */ = {
			isa = PBXNativeTarget;
			buildConfigurationList = 199F972F1A6C80F900543E69 /* Build configuration list for PBXNativeTarget "CalendarTests" */;
			buildPhases = (
				199F971E1A6C80F900543E69 /* Sources */,
				199F971F1A6C80F900543E69 /* Frameworks */,
				199F97201A6C80F900543E69 /* Resources */,
			);
			buildRules = (
			);
			dependencies = (
				199F97241A6C80F900543E69 /* PBXTargetDependency */,
			);
			name = CalendarTests;
			productName = CalendarTests;
			productReference = 199F97221A6C80F900543E69 /* CalendarTests.xctest */;
			productType = "com.apple.product-type.bundle.unit-test";
		};
/* End PBXNativeTarget section */

/* Begin PBXProject section */
		199F96FE1A6C80F900543E69 /* Project object */ = {
			isa = PBXProject;
			attributes = {
				LastUpgradeCheck = 0610;
				ORGANIZATIONNAME = "Deakin University";
				TargetAttributes = {
					199F97051A6C80F900543E69 = {
						CreatedOnToolsVersion = 6.1.1;
					};
					199F97211A6C80F900543E69 = {
						CreatedOnToolsVersion = 6.1.1;
						TestTargetID = 199F97051A6C80F900543E69;
					};
				};
			};
			buildConfigurationList = 199F97011A6C80F900543E69 /* Build configuration list for PBXProject "Calendar" */;
			compatibilityVersion = "Xcode 3.2";
			developmentRegion = English;
			hasScannedForEncodings = 0;
			knownRegions = (
				en,
				Base,
			);
			mainGroup = 199F96FD1A6C80F900543E69;
			productRefGroup = 199F97071A6C80F900543E69 /* Products */;
			projectDirPath = "";
			projectRoot = "";
			targets = (
				199F97051A6C80F900543E69 /* Calendar */,
				199F97211A6C80F900543E69 /* CalendarTests */,
			);
		};
/* End PBXProject section */

/* Begin PBXResourcesBuildPhase section */
		199F97041A6C80F900543E69 /* Resources */ = {
			isa = PBXResourcesBuildPhase;
			buildActionMask = 2147483647;
			files = (
				199F97181A6C80F900543E69 /* Rex.storyboard in Resources */,
				199F971D1A6C80F900543E69 /* LaunchScreen.xib in Resources */,
				199F971A1A6C80F900543E69 /* Images.xcassets in Resources */,
				CE3190071A78943D009F848A /* James.storyboard in Resources */,
				199F97351A6C816400543E69 /* Tom.storyboard in Resources */,
				199F97371A6C816F00543E69 /* Kris.storyboard in Resources */,
			);
			runOnlyForDeploymentPostprocessing = 0;
		};
		199F97201A6C80F900543E69 /* Resources */ = {
			isa = PBXResourcesBuildPhase;
			buildActionMask = 2147483647;
			files = (
			);
			runOnlyForDeploymentPostprocessing = 0;
		};
/* End PBXResourcesBuildPhase section */

/* Begin PBXSourcesBuildPhase section */
		199F97021A6C80F900543E69 /* Sources */ = {
			isa = PBXSourcesBuildPhase;
			buildActionMask = 2147483647;
			files = (
				199F970F1A6C80F900543E69 /* AppDelegate.m in Sources */,
				199F97121A6C80F900543E69 /* Calendar.xcdatamodeld in Sources */,
				19FAE50D1A7895DD00CEE55F /* Utilities.m in Sources */,
				199F973D1A6C833500543E69 /* Event.m in Sources */,
				A96AFD951A6F9E1B00FBACA2 /* EditViewController.m in Sources */,
				199F970C1A6C80F900543E69 /* main.m in Sources */,
				A9D64F881A714AB000F735D4 /* ACDViewController.m in Sources */,
				A9D64F8B1A714B3000F735D4 /* AutocompletionTableView.m in Sources */,
			);
			runOnlyForDeploymentPostprocessing = 0;
		};
		199F971E1A6C80F900543E69 /* Sources */ = {
			isa = PBXSourcesBuildPhase;
			buildActionMask = 2147483647;
			files = (
				199F97291A6C80F900543E69 /* CalendarTests.m in Sources */,
			);
			runOnlyForDeploymentPostprocessing = 0;
		};
/* End PBXSourcesBuildPhase section */

/* Begin PBXTargetDependency section */
		199F97241A6C80F900543E69 /* PBXTargetDependency */ = {
			isa = PBXTargetDependency;
			target = 199F97051A6C80F900543E69 /* Calendar */;
			targetProxy = 199F97231A6C80F900543E69 /* PBXContainerItemProxy */;
		};
/* End PBXTargetDependency section */

/* Begin PBXVariantGroup section */
		199F97161A6C80F900543E69 /* Rex.storyboard */ = {
			isa = PBXVariantGroup;
			children = (
				199F97171A6C80F900543E69 /* Base */,
			);
			name = Rex.storyboard;
			sourceTree = "<group>";
		};
		199F971B1A6C80F900543E69 /* LaunchScreen.xib */ = {
			isa = PBXVariantGroup;
			children = (
				199F971C1A6C80F900543E69 /* Base */,
			);
			name = LaunchScreen.xib;
			sourceTree = "<group>";
		};
/* End PBXVariantGroup section */

/* Begin XCBuildConfiguration section */
		199F972A1A6C80F900543E69 /* Debug */ = {
			isa = XCBuildConfiguration;
			buildSettings = {
				ALWAYS_SEARCH_USER_PATHS = NO;
				CLANG_CXX_LANGUAGE_STANDARD = "gnu++0x";
				CLANG_CXX_LIBRARY = "libc++";
				CLANG_ENABLE_MODULES = YES;
				CLANG_ENABLE_OBJC_ARC = YES;
				CLANG_WARN_BOOL_CONVERSION = YES;
				CLANG_WARN_CONSTANT_CONVERSION = YES;
				CLANG_WARN_DIRECT_OBJC_ISA_USAGE = YES_ERROR;
				CLANG_WARN_EMPTY_BODY = YES;
				CLANG_WARN_ENUM_CONVERSION = YES;
				CLANG_WARN_INT_CONVERSION = YES;
				CLANG_WARN_OBJC_ROOT_CLASS = YES_ERROR;
				CLANG_WARN_UNREACHABLE_CODE = YES;
				CLANG_WARN__DUPLICATE_METHOD_MATCH = YES;
				"CODE_SIGN_IDENTITY[sdk=iphoneos*]" = "iPhone Developer";
				COPY_PHASE_STRIP = NO;
				ENABLE_STRICT_OBJC_MSGSEND = YES;
				GCC_C_LANGUAGE_STANDARD = gnu99;
				GCC_DYNAMIC_NO_PIC = NO;
				GCC_OPTIMIZATION_LEVEL = 0;
				GCC_PREPROCESSOR_DEFINITIONS = (
					"DEBUG=1",
					"$(inherited)",
				);
				GCC_SYMBOLS_PRIVATE_EXTERN = NO;
				GCC_WARN_64_TO_32_BIT_CONVERSION = YES;
				GCC_WARN_ABOUT_RETURN_TYPE = YES_ERROR;
				GCC_WARN_UNDECLARED_SELECTOR = YES;
				GCC_WARN_UNINITIALIZED_AUTOS = YES_AGGRESSIVE;
				GCC_WARN_UNUSED_FUNCTION = YES;
				GCC_WARN_UNUSED_VARIABLE = YES;
				IPHONEOS_DEPLOYMENT_TARGET = 8.1;
				MTL_ENABLE_DEBUG_INFO = YES;
				ONLY_ACTIVE_ARCH = YES;
				SDKROOT = iphoneos;
			};
			name = Debug;
		};
		199F972B1A6C80F900543E69 /* Release */ = {
			isa = XCBuildConfiguration;
			buildSettings = {
				ALWAYS_SEARCH_USER_PATHS = NO;
				CLANG_CXX_LANGUAGE_STANDARD = "gnu++0x";
				CLANG_CXX_LIBRARY = "libc++";
				CLANG_ENABLE_MODULES = YES;
				CLANG_ENABLE_OBJC_ARC = YES;
				CLANG_WARN_BOOL_CONVERSION = YES;
				CLANG_WARN_CONSTANT_CONVERSION = YES;
				CLANG_WARN_DIRECT_OBJC_ISA_USAGE = YES_ERROR;
				CLANG_WARN_EMPTY_BODY = YES;
				CLANG_WARN_ENUM_CONVERSION = YES;
				CLANG_WARN_INT_CONVERSION = YES;
				CLANG_WARN_OBJC_ROOT_CLASS = YES_ERROR;
				CLANG_WARN_UNREACHABLE_CODE = YES;
				CLANG_WARN__DUPLICATE_METHOD_MATCH = YES;
				"CODE_SIGN_IDENTITY[sdk=iphoneos*]" = "iPhone Developer";
				COPY_PHASE_STRIP = YES;
				ENABLE_NS_ASSERTIONS = NO;
				ENABLE_STRICT_OBJC_MSGSEND = YES;
				GCC_C_LANGUAGE_STANDARD = gnu99;
				GCC_WARN_64_TO_32_BIT_CONVERSION = YES;
				GCC_WARN_ABOUT_RETURN_TYPE = YES_ERROR;
				GCC_WARN_UNDECLARED_SELECTOR = YES;
				GCC_WARN_UNINITIALIZED_AUTOS = YES_AGGRESSIVE;
				GCC_WARN_UNUSED_FUNCTION = YES;
				GCC_WARN_UNUSED_VARIABLE = YES;
				IPHONEOS_DEPLOYMENT_TARGET = 8.1;
				MTL_ENABLE_DEBUG_INFO = NO;
				SDKROOT = iphoneos;
				VALIDATE_PRODUCT = YES;
			};
			name = Release;
		};
		199F972D1A6C80F900543E69 /* Debug */ = {
			isa = XCBuildConfiguration;
			buildSettings = {
				ASSETCATALOG_COMPILER_APPICON_NAME = AppIcon;
				INFOPLIST_FILE = Calendar/Info.plist;
				IPHONEOS_DEPLOYMENT_TARGET = 8.1;
				LD_RUNPATH_SEARCH_PATHS = "$(inherited) @executable_path/Frameworks";
				PRODUCT_NAME = "$(TARGET_NAME)";
				TARGETED_DEVICE_FAMILY = 1;
			};
			name = Debug;
		};
		199F972E1A6C80F900543E69 /* Release */ = {
			isa = XCBuildConfiguration;
			buildSettings = {
				ASSETCATALOG_COMPILER_APPICON_NAME = AppIcon;
				INFOPLIST_FILE = Calendar/Info.plist;
				IPHONEOS_DEPLOYMENT_TARGET = 8.1;
				LD_RUNPATH_SEARCH_PATHS = "$(inherited) @executable_path/Frameworks";
				PRODUCT_NAME = "$(TARGET_NAME)";
				TARGETED_DEVICE_FAMILY = 1;
			};
			name = Release;
		};
		199F97301A6C80F900543E69 /* Debug */ = {
			isa = XCBuildConfiguration;
			buildSettings = {
				BUNDLE_LOADER = "$(TEST_HOST)";
				FRAMEWORK_SEARCH_PATHS = (
					"$(SDKROOT)/Developer/Library/Frameworks",
					"$(inherited)",
				);
				GCC_PREPROCESSOR_DEFINITIONS = (
					"DEBUG=1",
					"$(inherited)",
				);
				INFOPLIST_FILE = CalendarTests/Info.plist;
				LD_RUNPATH_SEARCH_PATHS = "$(inherited) @executable_path/Frameworks @loader_path/Frameworks";
				PRODUCT_NAME = "$(TARGET_NAME)";
				TEST_HOST = "$(BUILT_PRODUCTS_DIR)/Calendar.app/Calendar";
			};
			name = Debug;
		};
		199F97311A6C80F900543E69 /* Release */ = {
			isa = XCBuildConfiguration;
			buildSettings = {
				BUNDLE_LOADER = "$(TEST_HOST)";
				FRAMEWORK_SEARCH_PATHS = (
					"$(SDKROOT)/Developer/Library/Frameworks",
					"$(inherited)",
				);
				INFOPLIST_FILE = CalendarTests/Info.plist;
				LD_RUNPATH_SEARCH_PATHS = "$(inherited) @executable_path/Frameworks @loader_path/Frameworks";
				PRODUCT_NAME = "$(TARGET_NAME)";
				TEST_HOST = "$(BUILT_PRODUCTS_DIR)/Calendar.app/Calendar";
			};
			name = Release;
		};
/* End XCBuildConfiguration section */

/* Begin XCConfigurationList section */
		199F97011A6C80F900543E69 /* Build configuration list for PBXProject "Calendar" */ = {
			isa = XCConfigurationList;
			buildConfigurations = (
				199F972A1A6C80F900543E69 /* Debug */,
				199F972B1A6C80F900543E69 /* Release */,
			);
			defaultConfigurationIsVisible = 0;
			defaultConfigurationName = Release;
		};
		199F972C1A6C80F900543E69 /* Build configuration list for PBXNativeTarget "Calendar" */ = {
			isa = XCConfigurationList;
			buildConfigurations = (
				199F972D1A6C80F900543E69 /* Debug */,
				199F972E1A6C80F900543E69 /* Release */,
			);
			defaultConfigurationIsVisible = 0;
			defaultConfigurationName = Release;
		};
		199F972F1A6C80F900543E69 /* Build configuration list for PBXNativeTarget "CalendarTests" */ = {
			isa = XCConfigurationList;
			buildConfigurations = (
				199F97301A6C80F900543E69 /* Debug */,
				199F97311A6C80F900543E69 /* Release */,
			);
			defaultConfigurationIsVisible = 0;
			defaultConfigurationName = Release;
		};
/* End XCConfigurationList section */

/* Begin XCVersionGroup section */
		199F97101A6C80F900543E69 /* Calendar.xcdatamodeld */ = {
			isa = XCVersionGroup;
			children = (
				199F97111A6C80F900543E69 /* Calendar.xcdatamodel */,
			);
			currentVersion = 199F97111A6C80F900543E69 /* Calendar.xcdatamodel */;
			path = Calendar.xcdatamodeld;
			sourceTree = "<group>";
			versionGroupType = wrapper.xcdatamodel;
		};
/* End XCVersionGroup section */
	};
	rootObject = 199F96FE1A6C80F900543E69 /* Project object */;
}
